
Microsoft Visual Studio Solution File, Format Version 12.00
# Visual Studio Version 17
VisualStudioVersion = 17.9.34616.47
MinimumVisualStudioVersion = 10.0.40219.1
Project("{FAE04EC0-301F-11D3-BF4B-00C04F79EFBC}") = "AgricultureProject", "AgricultureProject\AgricultureProject.csproj", "{50ED0CCD-E6A7-431B-B54D-5432E32670C5}"
EndProject
Global
	GlobalSection(SolutionConfigurationPlatforms) = preSolution
		Debug|Any CPU = Debug|Any CPU
		Release|Any CPU = Release|Any CPU
	EndGlobalSection
	GlobalSection(ProjectConfigurationPlatforms) = postSolution
		{50ED0CCD-E6A7-431B-B54D-5432E32670C5}.Debug|Any CPU.ActiveCfg = Debug|Any CPU
		{50ED0CCD-E6A7-431B-B54D-5432E32670C5}.Debug|Any CPU.Build.0 = Debug|Any CPU
		{50ED0CCD-E6A7-431B-B54D-5432E32670C5}.Release|Any CPU.ActiveCfg = Release|Any CPU
		{50ED0CCD-E6A7-431B-B54D-5432E32670C5}.Release|Any CPU.Build.0 = Release|Any CPU
	EndGlobalSection
	GlobalSection(SolutionProperties) = preSolution
		HideSolutionNode = FALSE
	EndGlobalSection
	GlobalSection(ExtensibilityGlobals) = postSolution
		SolutionGuid = {06EE3F73-513C-4188-9AD2-C03DA89DE743}
	EndGlobalSection
EndGlobal
